
Microsoft Visual Studio Solution File, Format Version 12.00
# Visual Studio Version 17
VisualStudioVersion = 17.2.32630.192
MinimumVisualStudioVersion = 10.0.40219.1
Project("{FAE04EC0-301F-11D3-BF4B-00C04F79EFBC}") = "MqttToolsMVVM", "MqttToolsMVVM.csproj", "{1364E8FB-A5BF-4244-82BC-2AA9CA7F02E7}"
EndProject
Global
	GlobalSection(SolutionConfigurationPlatforms) = preSolution
		Debug|Any CPU = Debug|Any CPU
		Release|Any CPU = Release|Any CPU
	EndGlobalSection
	GlobalSection(ProjectConfigurationPlatforms) = postSolution
		{1364E8FB-A5BF-4244-82BC-2AA9CA7F02E7}.Debug|Any CPU.ActiveCfg = Debug|Any CPU
		{1364E8FB-A5BF-4244-82BC-2AA9CA7F02E7}.Debug|Any CPU.Build.0 = Debug|Any CPU
		{1364E8FB-A5BF-4244-82BC-2AA9CA7F02E7}.Release|Any CPU.ActiveCfg = Release|Any CPU
		{1364E8FB-A5BF-4244-82BC-2AA9CA7F02E7}.Release|Any CPU.Build.0 = Release|Any CPU
	EndGlobalSection
	GlobalSection(SolutionProperties) = preSolution
		HideSolutionNode = FALSE
	EndGlobalSection
	GlobalSection(ExtensibilityGlobals) = postSolution
		SolutionGuid = {966232BB-9D84-45F5-834B-C5EF0155C6A8}
	EndGlobalSection
EndGlobal
